
Microsoft Visual Studio Solution File, Format Version 11.00
# Visual Studio 2010
Project("{FAE04EC0-301F-11D3-BF4B-00C04F79EFBC}") = "Bug-Beard", "Assembly-CSharp.csproj", "{D2B04446-0308-9014-C976-52D4DE7F0372}"
EndProject
Project("{FAE04EC0-301F-11D3-BF4B-00C04F79EFBC}") = "Bug-Beard", "Assembly-CSharp-Editor.csproj", "{8B7DD109-6470-A2E9-846F-C1054BB01911}"
EndProject
Global
	GlobalSection(SolutionConfigurationPlatforms) = preSolution
		Debug|Any CPU = Debug|Any CPU
		Release|Any CPU = Release|Any CPU
	EndGlobalSection
	GlobalSection(ProjectConfigurationPlatforms) = postSolution
		{D2B04446-0308-9014-C976-52D4DE7F0372}.Debug|Any CPU.ActiveCfg = Debug|Any CPU
		{D2B04446-0308-9014-C976-52D4DE7F0372}.Debug|Any CPU.Build.0 = Debug|Any CPU
		{D2B04446-0308-9014-C976-52D4DE7F0372}.Release|Any CPU.ActiveCfg = Release|Any CPU
		{D2B04446-0308-9014-C976-52D4DE7F0372}.Release|Any CPU.Build.0 = Release|Any CPU
		{8B7DD109-6470-A2E9-846F-C1054BB01911}.Debug|Any CPU.ActiveCfg = Debug|Any CPU
		{8B7DD109-6470-A2E9-846F-C1054BB01911}.Debug|Any CPU.Build.0 = Debug|Any CPU
		{8B7DD109-6470-A2E9-846F-C1054BB01911}.Release|Any CPU.ActiveCfg = Release|Any CPU
		{8B7DD109-6470-A2E9-846F-C1054BB01911}.Release|Any CPU.Build.0 = Release|Any CPU
	EndGlobalSection
	GlobalSection(SolutionProperties) = preSolution
		HideSolutionNode = FALSE
	EndGlobalSection
	GlobalSection(MonoDevelopProperties) = preSolution
		StartupItem = Assembly-CSharp.csproj
	EndGlobalSection
EndGlobal
